Microsoft Visual Studio Solution File, Format Version 12.00
# Visual Studio Version 18
VisualStudioVersion = 18.2.11415.280 d18.0
MinimumVisualStudioVersion = 10.0.40219.1
Project("{9A19103F-16F7-4668-BE54-9A1E7A4F7556}") = "SnowblindModPlayer.Core", "src\SnowblindModPlayer.Core\SnowblindModPlayer.Core.csproj", "{84F24106-E6D4-40FB-BFB7-3178758CC75B}"
EndProject
Project("{9A19103F-16F7-4668-BE54-9A1E7A4F7556}") = "SnowblindModPlayer.Infrastructure", "src\SnowblindModPlayer.Infrastructure\SnowblindModPlayer.Infrastructure.csproj", "{82B8B2EB-D7CE-4F84-B247-C06F00CD4A42}"
EndProject
Project("{9A19103F-16F7-4668-BE54-9A1E7A4F7556}") = "SnowblindModPlayer.UI", "src\SnowblindModPlayer.UI\SnowblindModPlayer.UI.csproj", "{96524DFA-24AF-46AB-AFEC-51B19583621B}"
EndProject
Project("{9A19103F-16F7-4668-BE54-9A1E7A4F7556}") = "SnowblindModPlayer.App", "src\SnowblindModPlayer.App\SnowblindModPlayer.App.csproj", "{BDD4315D-F7D6-4204-B46C-208B94483832}"
EndProject
Project("{9A19103F-16F7-4668-BE54-9A1E7A4F7556}") = "SnowblindModPlayer.Tests", "tests\SnowblindModPlayer.Tests\SnowblindModPlayer.Tests.csproj", "{A7E86AFA-3A66-4C9C-B47B-7BEFAE97265B}"
EndProject
Global
	GlobalSection(SolutionConfigurationPlatforms) = preSolution
		Debug|Any CPU = Debug|Any CPU
		Release|Any CPU = Release|Any CPU
	EndGlobalSection
	GlobalSection(ProjectConfigurationPlatforms) = postSolution
		{84F24106-E6D4-40FB-BFB7-3178758CC75B}.Debug|Any CPU.ActiveCfg = Debug|Any CPU
		{84F24106-E6D4-40FB-BFB7-3178758CC75B}.Debug|Any CPU.Build.0 = Debug|Any CPU
		{84F24106-E6D4-40FB-BFB7-3178758CC75B}.Release|Any CPU.ActiveCfg = Release|Any CPU
		{84F24106-E6D4-40FB-BFB7-3178758CC75B}.Release|Any CPU.Build.0 = Release|Any CPU
		{82B8B2EB-D7CE-4F84-B247-C06F00CD4A42}.Debug|Any CPU.ActiveCfg = Debug|Any CPU
		{82B8B2EB-D7CE-4F84-B247-C06F00CD4A42}.Debug|Any CPU.Build.0 = Debug|Any CPU
		{82B8B2EB-D7CE-4F84-B247-C06F00CD4A42}.Release|Any CPU.ActiveCfg = Release|Any CPU
		{82B8B2EB-D7CE-4F84-B247-C06F00CD4A42}.Release|Any CPU.Build.0 = Release|Any CPU
		{96524DFA-24AF-46AB-AFEC-51B19583621B}.Debug|Any CPU.ActiveCfg = Debug|Any CPU
		{96524DFA-24AF-46AB-AFEC-51B19583621B}.Debug|Any CPU.Build.0 = Debug|Any CPU
		{96524DFA-24AF-46AB-AFEC-51B19583621B}.Release|Any CPU.ActiveCfg = Release|Any CPU
		{96524DFA-24AF-46AB-AFEC-51B19583621B}.Release|Any CPU.Build.0 = Release|Any CPU
		{BDD4315D-F7D6-4204-B46C-208B94483832}.Debug|Any CPU.ActiveCfg = Debug|Any CPU
		{BDD4315D-F7D6-4204-B46C-208B94483832}.Debug|Any CPU.Build.0 = Debug|Any CPU
		{BDD4315D-F7D6-4204-B46C-208B94483832}.Release|Any CPU.ActiveCfg = Release|Any CPU
		{BDD4315D-F7D6-4204-B46C-208B94483832}.Release|Any CPU.Build.0 = Release|Any CPU
		{A7E86AFA-3A66-4C9C-B47B-7BEFAE97265B}.Debug|Any CPU.ActiveCfg = Debug|Any CPU
		{A7E86AFA-3A66-4C9C-B47B-7BEFAE97265B}.Debug|Any CPU.Build.0 = Debug|Any CPU
		{A7E86AFA-3A66-4C9C-B47B-7BEFAE97265B}.Release|Any CPU.ActiveCfg = Release|Any CPU
		{A7E86AFA-3A66-4C9C-B47B-7BEFAE97265B}.Release|Any CPU.Build.0 = Release|Any CPU
	EndGlobalSection
	GlobalSection(SolutionProperties) = preSolution
		HideSolutionNode = FALSE
	EndGlobalSection
EndGlobal
